
Microsoft Visual Studio Solution File, Format Version 12.00
# Visual Studio Version 17
VisualStudioVersion = 17.3.32929.385
MinimumVisualStudioVersion = 10.0.40219.1
Project("{FAE04EC0-301F-11D3-BF4B-00C04F79EFBC}") = "EngineersDeskAPI", "EngineersDeskAPI.csproj", "{0D832ECA-A80E-471C-BC5A-97EE697EC003}"
EndProject
Project("{FAE04EC0-301F-11D3-BF4B-00C04F79EFBC}") = "DatabaseProject", "..\DatabaseProject\DatabaseProject.csproj", "{B36648A6-CFCF-4B37-BB59-D060107051AB}"
EndProject
Global
	GlobalSection(SolutionConfigurationPlatforms) = preSolution
		Debug|Any CPU = Debug|Any CPU
		Release|Any CPU = Release|Any CPU
	EndGlobalSection
	GlobalSection(ProjectConfigurationPlatforms) = postSolution
		{0D832ECA-A80E-471C-BC5A-97EE697EC003}.Debug|Any CPU.ActiveCfg = Debug|Any CPU
		{0D832ECA-A80E-471C-BC5A-97EE697EC003}.Debug|Any CPU.Build.0 = Debug|Any CPU
		{0D832ECA-A80E-471C-BC5A-97EE697EC003}.Release|Any CPU.ActiveCfg = Release|Any CPU
		{0D832ECA-A80E-471C-BC5A-97EE697EC003}.Release|Any CPU.Build.0 = Release|Any CPU
		{B36648A6-CFCF-4B37-BB59-D060107051AB}.Debug|Any CPU.ActiveCfg = Debug|Any CPU
		{B36648A6-CFCF-4B37-BB59-D060107051AB}.Debug|Any CPU.Build.0 = Debug|Any CPU
		{B36648A6-CFCF-4B37-BB59-D060107051AB}.Release|Any CPU.ActiveCfg = Release|Any CPU
		{B36648A6-CFCF-4B37-BB59-D060107051AB}.Release|Any CPU.Build.0 = Release|Any CPU
	EndGlobalSection
	GlobalSection(SolutionProperties) = preSolution
		HideSolutionNode = FALSE
	EndGlobalSection
	GlobalSection(ExtensibilityGlobals) = postSolution
		SolutionGuid = {DD22506D-D824-400C-9440-F8727121CDBA}
	EndGlobalSection
EndGlobal
